// !$*UTF8*$!
{
	archiveVersion = 1;
	classes = {
	};
	objectVersion = 55;
	objects = {

/* Begin PBXBuildFile section */
		0F4C58A627FEE8F100FDE007 /* AppDelegate.swift in Sources */ = {isa = PBXBuildFile; fileRef = 0F4C58A527FEE8F100FDE007 /* AppDelegate.swift */; };
		0F4C58A827FEE8F100FDE007 /* SceneDelegate.swift in Sources */ = {isa = PBXBuildFile; fileRef = 0F4C58A727FEE8F100FDE007 /* SceneDelegate.swift */; };
		0F4C58AA27FEE8F100FDE007 /* ViewController.swift in Sources */ = {isa = PBXBuildFile; fileRef = 0F4C58A927FEE8F100FDE007 /* ViewController.swift */; };
		0F4C58AD27FEE8F100FDE007 /* Main.storyboard in Resources */ = {isa = PBXBuildFile; fileRef = 0F4C58AB27FEE8F100FDE007 /* Main.storyboard */; };
		0F4C58AF27FEE8F400FDE007 /* Assets.xcassets in Resources */ = {isa = PBXBuildFile; fileRef = 0F4C58AE27FEE8F400FDE007 /* Assets.xcassets */; };
		0F4C58B227FEE8F400FDE007 /* LaunchScreen.storyboard in Resources */ = {isa = PBXBuildFile; fileRef = 0F4C58B027FEE8F400FDE007 /* LaunchScreen.storyboard */; };
		0F4C58BD27FEE8F400FDE007 /* bilgeIsOdev4Tests.swift in Sources */ = {isa = PBXBuildFile; fileRef = 0F4C58BC27FEE8F400FDE007 /* bilgeIsOdev4Tests.swift */; };
		0F4C58C727FEE8F400FDE007 /* bilgeIsOdev4UITests.swift in Sources */ = {isa = PBXBuildFile; fileRef = 0F4C58C627FEE8F400FDE007 /* bilgeIsOdev4UITests.swift */; };
		0F4C58C927FEE8F400FDE007 /* bilgeIsOdev4UITestsLaunchTests.swift in Sources */ = {isa = PBXBuildFile; fileRef = 0F4C58C827FEE8F400FDE007 /* bilgeIsOdev4UITestsLaunchTests.swift */; };
/* End PBXBuildFile section */

/* Begin PBXContainerItemProxy section */
		0F4C58B927FEE8F400FDE007 /* PBXContainerItemProxy */ = {
			isa = PBXContainerItemProxy;
			containerPortal = 0F4C589A27FEE8F100FDE007 /* Project object */;
			proxyType = 1;
			remoteGlobalIDString = 0F4C58A127FEE8F100FDE007;
			remoteInfo = bilgeIsOdev4;
		};
		0F4C58C327FEE8F400FDE007 /* PBXContainerItemProxy */ = {
			isa = PBXContainerItemProxy;
			containerPortal = 0F4C589A27FEE8F100FDE007 /* Project object */;
			proxyType = 1;
			remoteGlobalIDString = 0F4C58A127FEE8F100FDE007;
			remoteInfo = bilgeIsOdev4;
		};
/* End PBXContainerItemProxy section */

/* Begin PBXFileReference section */
		0F4C58A227FEE8F100FDE007 /* bilgeIsOdev4.app */ = {isa = PBXFileReference; explicitFileType = wrapper.application; includeInIndex = 0; path = bilgeIsOdev4.app; sourceTree = BUILT_PRODUCTS_DIR; };
		0F4C58A527FEE8F100FDE007 /* AppDelegate.swift */ = {isa = PBXFileReference; lastKnownFileType = sourcecode.swift; path = AppDelegate.swift; sourceTree = "<group>"; };
		0F4C58A727FEE8F100FDE007 /* SceneDelegate.swift */ = {isa = PBXFileReference; lastKnownFileType = sourcecode.swift; path = SceneDelegate.swift; sourceTree = "<group>"; };
		0F4C58A927FEE8F100FDE007 /* ViewController.swift */ = {isa = PBXFileReference; lastKnownFileType = sourcecode.swift; path = ViewController.swift; sourceTree = "<group>"; };
		0F4C58AC27FEE8F100FDE007 /* Base */ = {isa = PBXFileReference; lastKnownFileType = file.storyboard; name = Base; path = Base.lproj/Main.storyboard; sourceTree = "<group>"; };
		0F4C58AE27FEE8F400FDE007 /* Assets.xcassets */ = {isa = PBXFileReference; lastKnownFileType = folder.assetcatalog; path = Assets.xcassets; sourceTree = "<group>"; };
		0F4C58B127FEE8F400FDE007 /* Base */ = {isa = PBXFileReference; lastKnownFileType = file.storyboard; name = Base; path = Base.lproj/LaunchScreen.storyboard; sourceTree = "<group>"; };
		0F4C58B327FEE8F400FDE007 /* Info.plist */ = {isa = PBXFileReference; lastKnownFileType = text.plist.xml; path = Info.plist; sourceTree = "<group>"; };
		0F4C58B827FEE8F400FDE007 /* bilgeIsOdev4Tests.xctest */ = {isa = PBXFileReference; explicitFileType = wrapper.cfbundle; includeInIndex = 0; path = bilgeIsOdev4Tests.xctest; sourceTree = BUILT_PRODUCTS_DIR; };
		0F4C58BC27FEE8F400FDE007 /* bilgeIsOdev4Tests.swift */ = {isa = PBXFileReference; lastKnownFileType = sourcecode.swift; path = bilgeIsOdev4Tests.swift; sourceTree = "<group>"; };
		0F4C58C227FEE8F400FDE007 /* bilgeIsOdev4UITests.xctest */ = {isa = PBXFileReference; explicitFileType = wrapper.cfbundle; includeInIndex = 0; path = bilgeIsOdev4UITests.xctest; sourceTree = BUILT_PRODUCTS_DIR; };
		0F4C58C627FEE8F400FDE007 /* bilgeIsOdev4UITests.swift */ = {isa = PBXFileReference; lastKnownFileType = sourcecode.swift; path = bilgeIsOdev4UITests.swift; sourceTree = "<group>"; };
		0F4C58C827FEE8F400FDE007 /* bilgeIsOdev4UITestsLaunchTests.swift */ = {isa = PBXFileReference; lastKnownFileType = sourcecode.swift; path = bilgeIsOdev4UITestsLaunchTests.swift; sourceTree = "<group>"; };
/* End PBXFileReference section */

/* Begin PBXFrameworksBuildPhase section */
		0F4C589F27FEE8F100FDE007 /* Frameworks */ = {
			isa = PBXFrameworksBuildPhase;
			buildActionMask = 2147483647;
			files = (
			);
			runOnlyForDeploymentPostprocessing = 0;
		};
		0F4C58B527FEE8F400FDE007 /* Frameworks */ = {
			isa = PBXFrameworksBuildPhase;
			buildActionMask = 2147483647;
			files = (
			);
			runOnlyForDeploymentPostprocessing = 0;
		};
		0F4C58BF27FEE8F400FDE007 /* Frameworks */ = {
			isa = PBXFrameworksBuildPhase;
			buildActionMask = 2147483647;
			files = (
			);
			runOnlyForDeploymentPostprocessing = 0;
		};
/* End PBXFrameworksBuildPhase section */

/* Begin PBXGroup section */
		0F4C589927FEE8F100FDE007 = {
			isa = PBXGroup;
			children = (
				0F4C58A427FEE8F100FDE007 /* bilgeIsOdev4 */,
				0F4C58BB27FEE8F400FDE007 /* bilgeIsOdev4Tests */,
				0F4C58C527FEE8F400FDE007 /* bilgeIsOdev4UITests */,
				0F4C58A327FEE8F100FDE007 /* Products */,
			);
			sourceTree = "<group>";
		};
		0F4C58A327FEE8F100FDE007 /* Products */ = {
			isa = PBXGroup;
			children = (
				0F4C58A227FEE8F100FDE007 /* bilgeIsOdev4.app */,
				0F4C58B827FEE8F400FDE007 /* bilgeIsOdev4Tests.xctest */,
				0F4C58C227FEE8F400FDE007 /* bilgeIsOdev4UITests.xctest */,
			);
			name = Products;
			sourceTree = "<group>";
		};
		0F4C58A427FEE8F100FDE007 /* bilgeIsOdev4 */ = {
			isa = PBXGroup;
			children = (
				0F4C58A527FEE8F100FDE007 /* AppDelegate.swift */,
				0F4C58A727FEE8F100FDE007 /* SceneDelegate.swift */,
				0F4C58A927FEE8F100FDE007 /* ViewController.swift */,
				0F4C58AB27FEE8F100FDE007 /* Main.storyboard */,
				0F4C58AE27FEE8F400FDE007 /* Assets.xcassets */,
				0F4C58B027FEE8F400FDE007 /* LaunchScreen.storyboard */,
				0F4C58B327FEE8F400FDE007 /* Info.plist */,
			);
			path = bilgeIsOdev4;
			sourceTree = "<group>";
		};
		0F4C58BB27FEE8F400FDE007 /* bilgeIsOdev4Tests */ = {
			isa = PBXGroup;
			children = (
				0F4C58BC27FEE8F400FDE007 /* bilgeIsOdev4Tests.swift */,
			);
			path = bilgeIsOdev4Tests;
			sourceTree = "<group>";
		};
		0F4C58C527FEE8F400FDE007 /* bilgeIsOdev4UITests */ = {
			isa = PBXGroup;
			children = (
				0F4C58C627FEE8F400FDE007 /* bilgeIsOdev4UITests.swift */,
				0F4C58C827FEE8F400FDE007 /* bilgeIsOdev4UITestsLaunchTests.swift */,
			);
			path = bilgeIsOdev4UITests;
			sourceTree = "<group>";
		};
/* End PBXGroup section */

/* Begin PBXNativeTarget section */
		0F4C58A127FEE8F100FDE007 /* bilgeIsOdev4 */ = {
			isa = PBXNativeTarget;
			buildConfigurationList = 0F4C58CC27FEE8F400FDE007 /* Build configuration list for PBXNativeTarget "bilgeIsOdev4" */;
			buildPhases = (
				0F4C589E27FEE8F100FDE007 /* Sources */,
				0F4C589F27FEE8F100FDE007 /* Frameworks */,
				0F4C58A027FEE8F100FDE007 /* Resources */,
			);
			buildRules = (
			);
			dependencies = (
			);
			name = bilgeIsOdev4;
			productName = bilgeIsOdev4;
			productReference = 0F4C58A227FEE8F100FDE007 /* bilgeIsOdev4.app */;
			productType = "com.apple.product-type.application";
		};
		0F4C58B727FEE8F400FDE007 /* bilgeIsOdev4Tests */ = {
			isa = PBXNativeTarget;
			buildConfigurationList = 0F4C58CF27FEE8F400FDE007 /* Build configuration list for PBXNativeTarget "bilgeIsOdev4Tests" */;
			buildPhases = (
				0F4C58B427FEE8F400FDE007 /* Sources */,
				0F4C58B527FEE8F400FDE007 /* Frameworks */,
				0F4C58B627FEE8F400FDE007 /* Resources */,
			);
			buildRules = (
			);
			dependencies = (
				0F4C58BA27FEE8F400FDE007 /* PBXTargetDependency */,
			);
			name = bilgeIsOdev4Tests;
			productName = bilgeIsOdev4Tests;
			productReference = 0F4C58B827FEE8F400FDE007 /* bilgeIsOdev4Tests.xctest */;
			productType = "com.apple.product-type.bundle.unit-test";
		};
		0F4C58C127FEE8F400FDE007 /* bilgeIsOdev4UITests */ = {
			isa = PBXNativeTarget;
			buildConfigurationList = 0F4C58D227FEE8F400FDE007 /* Build configuration list for PBXNativeTarget "bilgeIsOdev4UITests" */;
			buildPhases = (
				0F4C58BE27FEE8F400FDE007 /* Sources */,
				0F4C58BF27FEE8F400FDE007 /* Frameworks */,
				0F4C58C027FEE8F400FDE007 /* Resources */,
			);
			buildRules = (
			);
			dependencies = (
				0F4C58C427FEE8F400FDE007 /* PBXTargetDependency */,
			);
			name = bilgeIsOdev4UITests;
			productName = bilgeIsOdev4UITests;
			productReference = 0F4C58C227FEE8F400FDE007 /* bilgeIsOdev4UITests.xctest */;
			productType = "com.apple.product-type.bundle.ui-testing";
		};
/* End PBXNativeTarget section */

/* Begin PBXProject section */
		0F4C589A27FEE8F100FDE007 /* Project object */ = {
			isa = PBXProject;
			attributes = {
				BuildIndependentTargetsInParallel = 1;
				LastSwiftUpdateCheck = 1330;
				LastUpgradeCheck = 1330;
				TargetAttributes = {
					0F4C58A127FEE8F100FDE007 = {
						CreatedOnToolsVersion = 13.3;
					};
					0F4C58B727FEE8F400FDE007 = {
						CreatedOnToolsVersion = 13.3;
						TestTargetID = 0F4C58A127FEE8F100FDE007;
					};
					0F4C58C127FEE8F400FDE007 = {
						CreatedOnToolsVersion = 13.3;
						TestTargetID = 0F4C58A127FEE8F100FDE007;
					};
				};
			};
			buildConfigurationList = 0F4C589D27FEE8F100FDE007 /* Build configuration list for PBXProject "bilgeIsOdev4" */;
			compatibilityVersion = "Xcode 13.0";
			developmentRegion = en;
			hasScannedForEncodings = 0;
			knownRegions = (
				en,
				Base,
			);
			mainGroup = 0F4C589927FEE8F100FDE007;
			productRefGroup = 0F4C58A327FEE8F100FDE007 /* Products */;
			projectDirPath = "";
			projectRoot = "";
			targets = (
				0F4C58A127FEE8F100FDE007 /* bilgeIsOdev4 */,
				0F4C58B727FEE8F400FDE007 /* bilgeIsOdev4Tests */,
				0F4C58C127FEE8F400FDE007 /* bilgeIsOdev4UITests */,
			);
		};
/* End PBXProject section */

/* Begin PBXResourcesBuildPhase section */
		0F4C58A027FEE8F100FDE007 /* Resources */ = {
			isa = PBXResourcesBuildPhase;
			buildActionMask = 2147483647;
			files = (
				0F4C58B227FEE8F400FDE007 /* LaunchScreen.storyboard in Resources */,
				0F4C58AF27FEE8F400FDE007 /* Assets.xcassets in Resources */,
				0F4C58AD27FEE8F100FDE007 /* Main.storyboard in Resources */,
			);
			runOnlyForDeploymentPostprocessing = 0;
		};
		0F4C58B627FEE8F400FDE007 /* Resources */ = {
			isa = PBXResourcesBuildPhase;
			buildActionMask = 2147483647;
			files = (
			);
			runOnlyForDeploymentPostprocessing = 0;
		};
		0F4C58C027FEE8F400FDE007 /* Resources */ = {
			isa = PBXResourcesBuildPhase;
			buildActionMask = 2147483647;
			files = (
			);
			runOnlyForDeploymentPostprocessing = 0;
		};
/* End PBXResourcesBuildPhase section */

/* Begin PBXSourcesBuildPhase section */
		0F4C589E27FEE8F100FDE007 /* Sources */ = {
			isa = PBXSourcesBuildPhase;
			buildActionMask = 2147483647;
			files = (
				0F4C58AA27FEE8F100FDE007 /* ViewController.swift in Sources */,
				0F4C58A627FEE8F100FDE007 /* AppDelegate.swift in Sources */,
				0F4C58A827FEE8F100FDE007 /* SceneDelegate.swift in Sources */,
			);
			runOnlyForDeploymentPostprocessing = 0;
		};
		0F4C58B427FEE8F400FDE007 /* Sources */ = {
			isa = PBXSourcesBuildPhase;
			buildActionMask = 2147483647;
			files = (
				0F4C58BD27FEE8F400FDE007 /* bilgeIsOdev4Tests.swift in Sources */,
			);
			runOnlyForDeploymentPostprocessing = 0;
		};
		0F4C58BE27FEE8F400FDE007 /* Sources */ = {
			isa = PBXSourcesBuildPhase;
			buildActionMask = 2147483647;
			files = (
				0F4C58C727FEE8F400FDE007 /* bilgeIsOdev4UITests.swift in Sources */,
				0F4C58C927FEE8F400FDE007 /* bilgeIsOdev4UITestsLaunchTests.swift in Sources */,
			);
			runOnlyForDeploymentPostprocessing = 0;
		};
/* End PBXSourcesBuildPhase section */

/* Begin PBXTargetDependency section */
		0F4C58BA27FEE8F400FDE007 /* PBXTargetDependency */ = {
			isa = PBXTargetDependency;
			target = 0F4C58A127FEE8F100FDE007 /* bilgeIsOdev4 */;
			targetProxy = 0F4C58B927FEE8F400FDE007 /* PBXContainerItemProxy */;
		};
		0F4C58C427FEE8F400FDE007 /* PBXTargetDependency */ = {
			isa = PBXTargetDependency;
			target = 0F4C58A127FEE8F100FDE007 /* bilgeIsOdev4 */;
			targetProxy = 0F4C58C327FEE8F400FDE007 /* PBXContainerItemProxy */;
		};
/* End PBXTargetDependency section */

/* Begin PBXVariantGroup section */
		0F4C58AB27FEE8F100FDE007 /* Main.storyboard */ = {
			isa = PBXVariantGroup;
			children = (
				0F4C58AC27FEE8F100FDE007 /* Base */,
			);
			name = Main.storyboard;
			sourceTree = "<group>";
		};
		0F4C58B027FEE8F400FDE007 /* LaunchScreen.storyboard */ = {
			isa = PBXVariantGroup;
			children = (
				0F4C58B127FEE8F400FDE007 /* Base */,
			);
			name = LaunchScreen.storyboard;
			sourceTree = "<group>";
		};
/* End PBXVariantGroup section */

/* Begin XCBuildConfiguration section */
		0F4C58CA27FEE8F400FDE007 /* Debug */ = {
			isa = XCBuildConfiguration;
			buildSettings = {
				ALWAYS_SEARCH_USER_PATHS = NO;
				CLANG_ANALYZER_NONNULL = YES;
				CLANG_ANALYZER_NUMBER_OBJECT_CONVERSION = YES_AGGRESSIVE;
				CLANG_CXX_LANGUAGE_STANDARD = "gnu++17";
				CLANG_ENABLE_MODULES = YES;
				CLANG_ENABLE_OBJC_ARC = YES;
				CLANG_ENABLE_OBJC_WEAK = YES;
				CLANG_WARN_BLOCK_CAPTURE_AUTORELEASING = YES;
				CLANG_WARN_BOOL_CONVERSION = YES;
				CLANG_WARN_COMMA = YES;
				CLANG_WARN_CONSTANT_CONVERSION = YES;
				CLANG_WARN_DEPRECATED_OBJC_IMPLEMENTATIONS = YES;
				CLANG_WARN_DIRECT_OBJC_ISA_USAGE = YES_ERROR;
				CLANG_WARN_DOCUMENTATION_COMMENTS = YES;
				CLANG_WARN_EMPTY_BODY = YES;
				CLANG_WARN_ENUM_CONVERSION = YES;
				CLANG_WARN_INFINITE_RECURSION = YES;
				CLANG_WARN_INT_CONVERSION = YES;
				CLANG_WARN_NON_LITERAL_NULL_CONVERSION = YES;
				CLANG_WARN_OBJC_IMPLICIT_RETAIN_SELF = YES;
				CLANG_WARN_OBJC_LITERAL_CONVERSION = YES;
				CLANG_WARN_OBJC_ROOT_CLASS = YES_ERROR;
				CLANG_WARN_QUOTED_INCLUDE_IN_FRAMEWORK_HEADER = YES;
				CLANG_WARN_RANGE_LOOP_ANALYSIS = YES;
				CLANG_WARN_STRICT_PROTOTYPES = YES;
				CLANG_WARN_SUSPICIOUS_MOVE = YES;
				CLANG_WARN_UNGUARDED_AVAILABILITY = YES_AGGRESSIVE;
				CLANG_WARN_UNREACHABLE_CODE = YES;
				CLANG_WARN__DUPLICATE_METHOD_MATCH = YES;
				COPY_PHASE_STRIP = NO;
				DEBUG_INFORMATION_FORMAT = dwarf;
				ENABLE_STRICT_OBJC_MSGSEND = YES;
				ENABLE_TESTABILITY = YES;
				GCC_C_LANGUAGE_STANDARD = gnu11;
				GCC_DYNAMIC_NO_PIC = NO;
				GCC_NO_COMMON_BLOCKS = YES;
				GCC_OPTIMIZATION_LEVEL = 0;
				GCC_PREPROCESSOR_DEFINITIONS = (
					"DEBUG=1",
					"$(inherited)",
				);
				GCC_WARN_64_TO_32_BIT_CONVERSION = YES;
				GCC_WARN_ABOUT_RETURN_TYPE = YES_ERROR;
				GCC_WARN_UNDECLARED_SELECTOR = YES;
				GCC_WARN_UNINITIALIZED_AUTOS = YES_AGGRESSIVE;
				GCC_WARN_UNUSED_FUNCTION = YES;
				GCC_WARN_UNUSED_VARIABLE = YES;
				IPHONEOS_DEPLOYMENT_TARGET = 15.4;
				MTL_ENABLE_DEBUG_INFO = INCLUDE_SOURCE;
				MTL_FAST_MATH = YES;
				ONLY_ACTIVE_ARCH = YES;
				SDKROOT = iphoneos;
				SWIFT_ACTIVE_COMPILATION_CONDITIONS = DEBUG;
				SWIFT_OPTIMIZATION_LEVEL = "-Onone";
			};
			name = Debug;
		};
		0F4C58CB27FEE8F400FDE007 /* Release */ = {
			isa = XCBuildConfiguration;
			buildSettings = {
				ALWAYS_SEARCH_USER_PATHS = NO;
				CLANG_ANALYZER_NONNULL = YES;
				CLANG_ANALYZER_NUMBER_OBJECT_CONVERSION = YES_AGGRESSIVE;
				CLANG_CXX_LANGUAGE_STANDARD = "gnu++17";
				CLANG_ENABLE_MODULES = YES;
				CLANG_ENABLE_OBJC_ARC = YES;
				CLANG_ENABLE_OBJC_WEAK = YES;
				CLANG_WARN_BLOCK_CAPTURE_AUTORELEASING = YES;
				CLANG_WARN_BOOL_CONVERSION = YES;
				CLANG_WARN_COMMA = YES;
				CLANG_WARN_CONSTANT_CONVERSION = YES;
				CLANG_WARN_DEPRECATED_OBJC_IMPLEMENTATIONS = YES;
				CLANG_WARN_DIRECT_OBJC_ISA_USAGE = YES_ERROR;
				CLANG_WARN_DOCUMENTATION_COMMENTS = YES;
				CLANG_WARN_EMPTY_BODY = YES;
				CLANG_WARN_ENUM_CONVERSION = YES;
				CLANG_WARN_INFINITE_RECURSION = YES;
				CLANG_WARN_INT_CONVERSION = YES;
				CLANG_WARN_NON_LITERAL_NULL_CONVERSION = YES;
				CLANG_WARN_OBJC_IMPLICIT_RETAIN_SELF = YES;
				CLANG_WARN_OBJC_LITERAL_CONVERSION = YES;
				CLANG_WARN_OBJC_ROOT_CLASS = YES_ERROR;
				CLANG_WARN_QUOTED_INCLUDE_IN_FRAMEWORK_HEADER = YES;
				CLANG_WARN_RANGE_LOOP_ANALYSIS = YES;
				CLANG_WARN_STRICT_PROTOTYPES = YES;
				CLANG_WARN_SUSPICIOUS_MOVE = YES;
				CLANG_WARN_UNGUARDED_AVAILABILITY = YES_AGGRESSIVE;
				CLANG_WARN_UNREACHABLE_CODE = YES;
				CLANG_WARN__DUPLICATE_METHOD_MATCH = YES;
				COPY_PHASE_STRIP = NO;
				DEBUG_INFORMATION_FORMAT = "dwarf-with-dsym";
				ENABLE_NS_ASSERTIONS = NO;
				ENABLE_STRICT_OBJC_MSGSEND = YES;
				GCC_C_LANGUAGE_STANDARD = gnu11;
				GCC_NO_COMMON_BLOCKS = YES;
				GCC_WARN_64_TO_32_BIT_CONVERSION = YES;
				GCC_WARN_ABOUT_RETURN_TYPE = YES_ERROR;
				GCC_WARN_UNDECLARED_SELECTOR = YES;
				GCC_WARN_UNINITIALIZED_AUTOS = YES_AGGRESSIVE;
				GCC_WARN_UNUSED_FUNCTION = YES;
				GCC_WARN_UNUSED_VARIABLE = YES;
				IPHONEOS_DEPLOYMENT_TARGET = 15.4;
				MTL_ENABLE_DEBUG_INFO = NO;
				MTL_FAST_MATH = YES;
				SDKROOT = iphoneos;
				SWIFT_COMPILATION_MODE = wholemodule;
				SWIFT_OPTIMIZATION_LEVEL = "-O";
				VALIDATE_PRODUCT = YES;
			};
			name = Release;
		};
		0F4C58CD27FEE8F400FDE007 /* Debug */ = {
			isa = XCBuildConfiguration;
			buildSettings = {
				ASSETCATALOG_COMPILER_APPICON_NAME = AppIcon;
				ASSETCATALOG_COMPILER_GLOBAL_ACCENT_COLOR_NAME = AccentColor;
				CODE_SIGN_STYLE = Automatic;
				CURRENT_PROJECT_VERSION = 1;
				GENERATE_INFOPLIST_FILE = YES;
				INFOPLIST_FILE = bilgeIsOdev4/Info.plist;
				INFOPLIST_KEY_UIApplicationSupportsIndirectInputEvents = YES;
				INFOPLIST_KEY_UILaunchStoryboardName = LaunchScreen;
				INFOPLIST_KEY_UIMainStoryboardFile = Main;
				INFOPLIST_KEY_UISupportedInterfaceOrientations_iPad = "UIInterfaceOrientationPortrait UIInterfaceOrientationPortraitUpsideDown UIInterfaceOrientationLandscapeLeft UIInterfaceOrientationLandscapeRight";
				INFOPLIST_KEY_UISupportedInterfaceOrientations_iPhone = "UIInterfaceOrientationPortrait UIInterfaceOrientationLandscapeLeft UIInterfaceOrientationLandscapeRight";
				LD_RUNPATH_SEARCH_PATHS = (
					"$(inherited)",
					"@executable_path/Frameworks",
				);
				MARKETING_VERSION = 1.0;
				PRODUCT_BUNDLE_IDENTIFIER = proje.bilgeIsOdev4;
				PRODUCT_NAME = "$(TARGET_NAME)";
				SWIFT_EMIT_LOC_STRINGS = YES;
				SWIFT_VERSION = 5.0;
				TARGETED_DEVICE_FAMILY = "1,2";
			};
			name = Debug;
		};
		0F4C58CE27FEE8F400FDE007 /* Release */ = {
			isa = XCBuildConfiguration;
			buildSettings = {
				ASSETCATALOG_COMPILER_APPICON_NAME = AppIcon;
				ASSETCATALOG_COMPILER_GLOBAL_ACCENT_COLOR_NAME = AccentColor;
				CODE_SIGN_STYLE = Automatic;
				CURRENT_PROJECT_VERSION = 1;
				GENERATE_INFOPLIST_FILE = YES;
				INFOPLIST_FILE = bilgeIsOdev4/Info.plist;
				INFOPLIST_KEY_UIApplicationSupportsIndirectInputEvents = YES;
				INFOPLIST_KEY_UILaunchStoryboardName = LaunchScreen;
				INFOPLIST_KEY_UIMainStoryboardFile = Main;
				INFOPLIST_KEY_UISupportedInterfaceOrientations_iPad = "UIInterfaceOrientationPortrait UIInterfaceOrientationPortraitUpsideDown UIInterfaceOrientationLandscapeLeft UIInterfaceOrientationLandscapeRight";
				INFOPLIST_KEY_UISupportedInterfaceOrientations_iPhone = "UIInterfaceOrientationPortrait UIInterfaceOrientationLandscapeLeft UIInterfaceOrientationLandscapeRight";
				LD_RUNPATH_SEARCH_PATHS = (
					"$(inherited)",
					"@executable_path/Frameworks",
				);
				MARKETING_VERSION = 1.0;
				PRODUCT_BUNDLE_IDENTIFIER = proje.bilgeIsOdev4;
				PRODUCT_NAME = "$(TARGET_NAME)";
				SWIFT_EMIT_LOC_STRINGS = YES;
				SWIFT_VERSION = 5.0;
				TARGETED_DEVICE_FAMILY = "1,2";
			};
			name = Release;
		};
		0F4C58D027FEE8F400FDE007 /* Debug */ = {
			isa = XCBuildConfiguration;
			buildSettings = {
				ALWAYS_EMBED_SWIFT_STANDARD_LIBRARIES = YES;
				BUNDLE_LOADER = "$(TEST_HOST)";
				CODE_SIGN_STYLE = Automatic;
				CURRENT_PROJECT_VERSION = 1;
				GENERATE_INFOPLIST_FILE = YES;
				IPHONEOS_DEPLOYMENT_TARGET = 15.4;
				MARKETING_VERSION = 1.0;
				PRODUCT_BUNDLE_IDENTIFIER = proje.bilgeIsOdev4Tests;
				PRODUCT_NAME = "$(TARGET_NAME)";
				SWIFT_EMIT_LOC_STRINGS = NO;
				SWIFT_VERSION = 5.0;
				TARGETED_DEVICE_FAMILY = "1,2";
				TEST_HOST = "$(BUILT_PRODUCTS_DIR)/bilgeIsOdev4.app/bilgeIsOdev4";
			};
			name = Debug;
		};
		0F4C58D127FEE8F400FDE007 /* Release */ = {
			isa = XCBuildConfiguration;
			buildSettings = {
				ALWAYS_EMBED_SWIFT_STANDARD_LIBRARIES = YES;
				BUNDLE_LOADER = "$(TEST_HOST)";
				CODE_SIGN_STYLE = Automatic;
				CURRENT_PROJECT_VERSION = 1;
				GENERATE_INFOPLIST_FILE = YES;
				IPHONEOS_DEPLOYMENT_TARGET = 15.4;
				MARKETING_VERSION = 1.0;
				PRODUCT_BUNDLE_IDENTIFIER = proje.bilgeIsOdev4Tests;
				PRODUCT_NAME = "$(TARGET_NAME)";
				SWIFT_EMIT_LOC_STRINGS = NO;
				SWIFT_VERSION = 5.0;
				TARGETED_DEVICE_FAMILY = "1,2";
				TEST_HOST = "$(BUILT_PRODUCTS_DIR)/bilgeIsOdev4.app/bilgeIsOdev4";
			};
			name = Release;
		};
		0F4C58D327FEE8F400FDE007 /* Debug */ = {
			isa = XCBuildConfiguration;
			buildSettings = {
				ALWAYS_EMBED_SWIFT_STANDARD_LIBRARIES = YES;
				CODE_SIGN_STYLE = Automatic;
				CURRENT_PROJECT_VERSION = 1;
				GENERATE_INFOPLIST_FILE = YES;
				MARKETING_VERSION = 1.0;
				PRODUCT_BUNDLE_IDENTIFIER = proje.bilgeIsOdev4UITests;
				PRODUCT_NAME = "$(TARGET_NAME)";
				SWIFT_EMIT_LOC_STRINGS = NO;
				SWIFT_VERSION = 5.0;
				TARGETED_DEVICE_FAMILY = "1,2";
				TEST_TARGET_NAME = bilgeIsOdev4;
			};
			name = Debug;
		};
		0F4C58D427FEE8F400FDE007 /* Release */ = {
			isa = XCBuildConfiguration;
			buildSettings = {
				ALWAYS_EMBED_SWIFT_STANDARD_LIBRARIES = YES;
				CODE_SIGN_STYLE = Automatic;
				CURRENT_PROJECT_VERSION = 1;
				GENERATE_INFOPLIST_FILE = YES;
				MARKETING_VERSION = 1.0;
				PRODUCT_BUNDLE_IDENTIFIER = proje.bilgeIsOdev4UITests;
				PRODUCT_NAME = "$(TARGET_NAME)";
				SWIFT_EMIT_LOC_STRINGS = NO;
				SWIFT_VERSION = 5.0;
				TARGETED_DEVICE_FAMILY = "1,2";
				TEST_TARGET_NAME = bilgeIsOdev4;
			};
			name = Release;
		};
/* End XCBuildConfiguration section */

/* Begin XCConfigurationList section */
		0F4C589D27FEE8F100FDE007 /* Build configuration list for PBXProject "bilgeIsOdev4" */ = {
			isa = XCConfigurationList;
			buildConfigurations = (
				0F4C58CA27FEE8F400FDE007 /* Debug */,
				0F4C58CB27FEE8F400FDE007 /* Release */,
			);
			defaultConfigurationIsVisible = 0;
			defaultConfigurationName = Release;
		};
		0F4C58CC27FEE8F400FDE007 /* Build configuration list for PBXNativeTarget "bilgeIsOdev4" */ = {
			isa = XCConfigurationList;
			buildConfigurations = (
				0F4C58CD27FEE8F400FDE007 /* Debug */,
				0F4C58CE27FEE8F400FDE007 /* Release */,
			);
			defaultConfigurationIsVisible = 0;
			defaultConfigurationName = Release;
		};
		0F4C58CF27FEE8F400FDE007 /* Build configuration list for PBXNativeTarget "bilgeIsOdev4Tests" */ = {
			isa = XCConfigurationList;
			buildConfigurations = (
				0F4C58D027FEE8F400FDE007 /* Debug */,
				0F4C58D127FEE8F400FDE007 /* Release */,
			);
			defaultConfigurationIsVisible = 0;
			defaultConfigurationName = Release;
		};
		0F4C58D227FEE8F400FDE007 /* Build configuration list for PBXNativeTarget "bilgeIsOdev4UITests" */ = {
			isa = XCConfigurationList;
			buildConfigurations = (
				0F4C58D327FEE8F400FDE007 /* Debug */,
				0F4C58D427FEE8F400FDE007 /* Release */,
			);
			defaultConfigurationIsVisible = 0;
			defaultConfigurationName = Release;
		};
/* End XCConfigurationList section */
	};
	rootObject = 0F4C589A27FEE8F100FDE007 /* Project object */;
}
